
Microsoft Visual Studio Solution File, Format Version 12.00
# Visual Studio Version 16
VisualStudioVersion = 16.0.32228.343
MinimumVisualStudioVersion = 10.0.40219.1
Project("{9A19103F-16F7-4668-BE54-9A1E7A4F7556}") = "Partie1", "Partie1.csproj", "{7F77C2F7-0ECB-4011-A031-99E6B069E6D6}"
EndProject
Project("{FAE04EC0-301F-11D3-BF4B-00C04F79EFBC}") = "Partie1 (mais mieux)", "..\Partie1 (mais mieux)\Partie1 (mais mieux).csproj", "{7DE0688D-22F9-4BDD-AD01-2D45E4D53EAC}"
EndProject
Project("{FAE04EC0-301F-11D3-BF4B-00C04F79EFBC}") = "Partie2", "..\Partie2\Partie2.csproj", "{2A933515-7046-4002-8177-D37B88F5108C}"
EndProject
Global
	GlobalSection(SolutionConfigurationPlatforms) = preSolution
		Debug|Any CPU = Debug|Any CPU
		Release|Any CPU = Release|Any CPU
	EndGlobalSection
	GlobalSection(ProjectConfigurationPlatforms) = postSolution
		{7F77C2F7-0ECB-4011-A031-99E6B069E6D6}.Debug|Any CPU.ActiveCfg = Debug|Any CPU
		{7F77C2F7-0ECB-4011-A031-99E6B069E6D6}.Debug|Any CPU.Build.0 = Debug|Any CPU
		{7F77C2F7-0ECB-4011-A031-99E6B069E6D6}.Release|Any CPU.ActiveCfg = Release|Any CPU
		{7F77C2F7-0ECB-4011-A031-99E6B069E6D6}.Release|Any CPU.Build.0 = Release|Any CPU
		{7DE0688D-22F9-4BDD-AD01-2D45E4D53EAC}.Debug|Any CPU.ActiveCfg = Debug|Any CPU
		{7DE0688D-22F9-4BDD-AD01-2D45E4D53EAC}.Debug|Any CPU.Build.0 = Debug|Any CPU
		{7DE0688D-22F9-4BDD-AD01-2D45E4D53EAC}.Release|Any CPU.ActiveCfg = Release|Any CPU
		{7DE0688D-22F9-4BDD-AD01-2D45E4D53EAC}.Release|Any CPU.Build.0 = Release|Any CPU
		{2A933515-7046-4002-8177-D37B88F5108C}.Debug|Any CPU.ActiveCfg = Debug|Any CPU
		{2A933515-7046-4002-8177-D37B88F5108C}.Debug|Any CPU.Build.0 = Debug|Any CPU
		{2A933515-7046-4002-8177-D37B88F5108C}.Release|Any CPU.ActiveCfg = Release|Any CPU
		{2A933515-7046-4002-8177-D37B88F5108C}.Release|Any CPU.Build.0 = Release|Any CPU
	EndGlobalSection
	GlobalSection(SolutionProperties) = preSolution
		HideSolutionNode = FALSE
	EndGlobalSection
	GlobalSection(ExtensibilityGlobals) = postSolution
		SolutionGuid = {445342FA-78DE-47BD-ACD9-B9741B2FFD0D}
	EndGlobalSection
EndGlobal
